
Microsoft Visual Studio Solution File, Format Version 12.00
# Visual Studio Version 17
VisualStudioVersion = 17.5.33424.131
MinimumVisualStudioVersion = 10.0.40219.1
Project("{8BC9CEB8-8B4A-11D0-8D11-00A0C91BC942}") = "stackarray_120", "stackarray_120\stackarray_120.vcxproj", "{8DA0B46E-17C5-46E8-9A35-22E2552A64D4}"
EndProject
Global
	GlobalSection(SolutionConfigurationPlatforms) = preSolution
		Debug|x64 = Debug|x64
		Debug|x86 = Debug|x86
		Release|x64 = Release|x64
		Release|x86 = Release|x86
	EndGlobalSection
	GlobalSection(ProjectConfigurationPlatforms) = postSolution
		{8DA0B46E-17C5-46E8-9A35-22E2552A64D4}.Debug|x64.ActiveCfg = Debug|x64
		{8DA0B46E-17C5-46E8-9A35-22E2552A64D4}.Debug|x64.Build.0 = Debug|x64
		{8DA0B46E-17C5-46E8-9A35-22E2552A64D4}.Debug|x86.ActiveCfg = Debug|Win32
		{8DA0B46E-17C5-46E8-9A35-22E2552A64D4}.Debug|x86.Build.0 = Debug|Win32
		{8DA0B46E-17C5-46E8-9A35-22E2552A64D4}.Release|x64.ActiveCfg = Release|x64
		{8DA0B46E-17C5-46E8-9A35-22E2552A64D4}.Release|x64.Build.0 = Release|x64
		{8DA0B46E-17C5-46E8-9A35-22E2552A64D4}.Release|x86.ActiveCfg = Release|Win32
		{8DA0B46E-17C5-46E8-9A35-22E2552A64D4}.Release|x86.Build.0 = Release|Win32
	EndGlobalSection
	GlobalSection(SolutionProperties) = preSolution
		HideSolutionNode = FALSE
	EndGlobalSection
	GlobalSection(ExtensibilityGlobals) = postSolution
		SolutionGuid = {93B13781-92AB-43D9-BC32-D7A432FFBE41}
	EndGlobalSection
EndGlobal
